
Microsoft Visual Studio Solution File, Format Version 12.00
# Visual Studio 14
VisualStudioVersion = 14.0.25420.1
MinimumVisualStudioVersion = 10.0.40219.1
Project("{FAE04EC0-301F-11D3-BF4B-00C04F79EFBC}") = "Part_Number_Info", "Part_Number_Info\Part_Number_Info.csproj", "{BC454CD4-923D-4A3C-83E1-89E7675973A8}"
EndProject
Project("{FAE04EC0-301F-11D3-BF4B-00C04F79EFBC}") = "UnitTestPartNumber", "UnitTestPartNumber\UnitTestPartNumber.csproj", "{F5F119AF-0702-40B4-A783-D62F27217DD8}"
EndProject
Global
	GlobalSection(SolutionConfigurationPlatforms) = preSolution
		Debug|Any CPU = Debug|Any CPU
		Release|Any CPU = Release|Any CPU
	EndGlobalSection
	GlobalSection(ProjectConfigurationPlatforms) = postSolution
		{BC454CD4-923D-4A3C-83E1-89E7675973A8}.Debug|Any CPU.ActiveCfg = Debug|Any CPU
		{BC454CD4-923D-4A3C-83E1-89E7675973A8}.Debug|Any CPU.Build.0 = Debug|Any CPU
		{BC454CD4-923D-4A3C-83E1-89E7675973A8}.Release|Any CPU.ActiveCfg = Release|Any CPU
		{BC454CD4-923D-4A3C-83E1-89E7675973A8}.Release|Any CPU.Build.0 = Release|Any CPU
		{F5F119AF-0702-40B4-A783-D62F27217DD8}.Debug|Any CPU.ActiveCfg = Debug|Any CPU
		{F5F119AF-0702-40B4-A783-D62F27217DD8}.Debug|Any CPU.Build.0 = Debug|Any CPU
		{F5F119AF-0702-40B4-A783-D62F27217DD8}.Release|Any CPU.ActiveCfg = Release|Any CPU
		{F5F119AF-0702-40B4-A783-D62F27217DD8}.Release|Any CPU.Build.0 = Release|Any CPU
	EndGlobalSection
	GlobalSection(SolutionProperties) = preSolution
		HideSolutionNode = FALSE
	EndGlobalSection
EndGlobal
